{
  "name": "Calendly",
  "lockfileVersion": 3,
  "requires": true,
  "packages": {
    "": {
      "dependencies": {
        "zod": "^3.25.32"
      }
    },
    "node_modules/zod": {
      "version": "3.25.32",
      "resolved": "https://registry.npmjs.org/zod/-/zod-3.25.32.tgz",
      "integrity": "sha512-OSm2xTIRfW8CV5/QKgngwmQW/8aPfGdaQFlrGoErlgg/Epm7cjb6K6VEyExfe65a3VybUOnu381edLb0dfJl0g==",
      "license": "MIT",
      "funding": {
        "url": "https://github.com/sponsors/colinhacks"
      }
    }
  }
}
